// !$*UTF8*$!
{
	archiveVersion = 1;
	classes = {
	};
	objectVersion = 46;
	objects = {

/* Begin PBXBuildFile section */
		1151A495190E9E5A004D52EC /* Cocoa.framework in Frameworks */ = {isa = PBXBuildFile; fileRef = 1151A494190E9E5A004D52EC /* Cocoa.framework */; };
		1151A49F190E9E5A004D52EC /* InfoPlist.strings in Resources */ = {isa = PBXBuildFile; fileRef = 1151A49D190E9E5A004D52EC /* InfoPlist.strings */; };
		1151A4A1190E9E5A004D52EC /* main.m in Sources */ = {isa = PBXBuildFile; fileRef = 1151A4A0190E9E5A004D52EC /* main.m */; };
		1151A4A5190E9E5A004D52EC /* Credits.rtf in Resources */ = {isa = PBXBuildFile; fileRef = 1151A4A3190E9E5A004D52EC /* Credits.rtf */; };
		1151A4A8190E9E5A004D52EC /* AppDelegate.m in Sources */ = {isa = PBXBuildFile; fileRef = 1151A4A7190E9E5A004D52EC /* AppDelegate.m */; };
		1151A4AB190E9E5A004D52EC /* MainMenu.xib in Resources */ = {isa = PBXBuildFile; fileRef = 1151A4A9190E9E5A004D52EC /* MainMenu.xib */; };
		1151A4AD190E9E5A004D52EC /* Images.xcassets in Resources */ = {isa = PBXBuildFile; fileRef = 1151A4AC190E9E5A004D52EC /* Images.xcassets */; };
		1151A4B4190E9E5A004D52EC /* XCTest.framework in Frameworks */ = {isa = PBXBuildFile; fileRef = 1151A4B3190E9E5A004D52EC /* XCTest.framework */; };
		1151A4B5190E9E5A004D52EC /* Cocoa.framework in Frameworks */ = {isa = PBXBuildFile; fileRef = 1151A494190E9E5A004D52EC /* Cocoa.framework */; };
		1151A4BD190E9E5A004D52EC /* InfoPlist.strings in Resources */ = {isa = PBXBuildFile; fileRef = 1151A4BB190E9E5A004D52EC /* InfoPlist.strings */; };
		1151A4BF190E9E5A004D52EC /* AmChartsLibraryTests.m in Sources */ = {isa = PBXBuildFile; fileRef = 1151A4BE190E9E5A004D52EC /* AmChartsLibraryTests.m */; };
		1151A546190E9E9E004D52EC /* AmAngularGauge.m in Sources */ = {isa = PBXBuildFile; fileRef = 1151A4CD190E9E9E004D52EC /* AmAngularGauge.m */; };
		1151A547190E9E9E004D52EC /* AmAxisBase.m in Sources */ = {isa = PBXBuildFile; fileRef = 1151A4CF190E9E9E004D52EC /* AmAxisBase.m */; };
		1151A548190E9E9E004D52EC /* AmBalloon.m in Sources */ = {isa = PBXBuildFile; fileRef = 1151A4D1190E9E9E004D52EC /* AmBalloon.m */; };
		1151A549190E9E9E004D52EC /* NSArray+JSONString.m in Sources */ = {isa = PBXBuildFile; fileRef = 1151A4D5190E9E9E004D52EC /* NSArray+JSONString.m */; };
		1151A54A190E9E9E004D52EC /* NSDictionary+JSONString.m in Sources */ = {isa = PBXBuildFile; fileRef = 1151A4D7190E9E9E004D52EC /* NSDictionary+JSONString.m */; };
		1151A54B190E9E9E004D52EC /* NSString+JSONString.m in Sources */ = {isa = PBXBuildFile; fileRef = 1151A4D9190E9E9E004D52EC /* NSString+JSONString.m */; };
		1151A54C190E9E9E004D52EC /* AmCategoryAxesSettings.m in Sources */ = {isa = PBXBuildFile; fileRef = 1151A4DB190E9E9E004D52EC /* AmCategoryAxesSettings.m */; };
		1151A54D190E9E9E004D52EC /* AmCategoryAxis.m in Sources */ = {isa = PBXBuildFile; fileRef = 1151A4DD190E9E9E004D52EC /* AmCategoryAxis.m */; };
		1151A54E190E9E9E004D52EC /* AmChart.m in Sources */ = {isa = PBXBuildFile; fileRef = 1151A4DF190E9E9E004D52EC /* AmChart.m */; };
		1151A54F190E9E9E004D52EC /* AmChartCursor.m in Sources */ = {isa = PBXBuildFile; fileRef = 1151A4E1190E9E9E004D52EC /* AmChartCursor.m */; };
		1151A550190E9E9E004D52EC /* AmChartCursorSettings.m in Sources */ = {isa = PBXBuildFile; fileRef = 1151A4E3190E9E9E004D52EC /* AmChartCursorSettings.m */; };
		1151A551190E9E9E004D52EC /* AmChartScrollbar.m in Sources */ = {isa = PBXBuildFile; fileRef = 1151A4E5190E9E9E004D52EC /* AmChartScrollbar.m */; };
		1151A552190E9E9E004D52EC /* AmChartScrollbarSettings.m in Sources */ = {isa = PBXBuildFile; fileRef = 1151A4E7190E9E9E004D52EC /* AmChartScrollbarSettings.m */; };
		1151A553190E9E9E004D52EC /* AmCoordinateChart.m in Sources */ = {isa = PBXBuildFile; fileRef = 1151A4E9190E9E9E004D52EC /* AmCoordinateChart.m */; };
		1151A554190E9E9E004D52EC /* AmDataSet.m in Sources */ = {isa = PBXBuildFile; fileRef = 1151A4EB190E9E9E004D52EC /* AmDataSet.m */; };
		1151A555190E9E9E004D52EC /* AmDataSetSelector.m in Sources */ = {isa = PBXBuildFile; fileRef = 1151A4ED190E9E9E004D52EC /* AmDataSetSelector.m */; };
		1151A556190E9E9E004D52EC /* AmFunnelChart.m in Sources */ = {isa = PBXBuildFile; fileRef = 1151A4EF190E9E9E004D52EC /* AmFunnelChart.m */; };
		1151A557190E9E9E004D52EC /* AmGaugeArrow.m in Sources */ = {isa = PBXBuildFile; fileRef = 1151A4F1190E9E9E004D52EC /* AmGaugeArrow.m */; };
		1151A558190E9E9E004D52EC /* AmGaugeAxis.m in Sources */ = {isa = PBXBuildFile; fileRef = 1151A4F3190E9E9E004D52EC /* AmGaugeAxis.m */; };
		1151A559190E9E9E004D52EC /* AmGaugeBand.m in Sources */ = {isa = PBXBuildFile; fileRef = 1151A4F5190E9E9E004D52EC /* AmGaugeBand.m */; };
		1151A55A190E9E9E004D52EC /* AmGraph.m in Sources */ = {isa = PBXBuildFile; fileRef = 1151A4F7190E9E9E004D52EC /* AmGraph.m */; };
		1151A55B190E9E9E004D52EC /* AmGraphDataItem.m in Sources */ = {isa = PBXBuildFile; fileRef = 1151A4F9190E9E9E004D52EC /* AmGraphDataItem.m */; };
		1151A55C190E9E9E004D52EC /* AmGuide.m in Sources */ = {isa = PBXBuildFile; fileRef = 1151A4FB190E9E9E004D52EC /* AmGuide.m */; };
		1151A55D190E9E9E004D52EC /* AmLabel.m in Sources */ = {isa = PBXBuildFile; fileRef = 1151A4FD190E9E9E004D52EC /* AmLabel.m */; };
		1151A55E190E9E9E004D52EC /* AmLegend.m in Sources */ = {isa = PBXBuildFile; fileRef = 1151A4FF190E9E9E004D52EC /* AmLegend.m */; };
		1151A55F190E9E9E004D52EC /* AmLegendSettings.m in Sources */ = {isa = PBXBuildFile; fileRef = 1151A501190E9E9E004D52EC /* AmLegendSettings.m */; };
		1151A560190E9E9E004D52EC /* AmAreasSettings.m in Sources */ = {isa = PBXBuildFile; fileRef = 1151A504190E9E9E004D52EC /* AmAreasSettings.m */; };
		1151A561190E9E9E004D52EC /* AmImagesSettings.m in Sources */ = {isa = PBXBuildFile; fileRef = 1151A506190E9E9E004D52EC /* AmImagesSettings.m */; };
		1151A562190E9E9E004D52EC /* AmLinesSettings.m in Sources */ = {isa = PBXBuildFile; fileRef = 1151A508190E9E9E004D52EC /* AmLinesSettings.m */; };
		1151A563190E9E9E004D52EC /* AmMap.m in Sources */ = {isa = PBXBuildFile; fileRef = 1151A50A190E9E9E004D52EC /* AmMap.m */; };
		1151A564190E9E9E004D52EC /* AmMapArea.m in Sources */ = {isa = PBXBuildFile; fileRef = 1151A50C190E9E9E004D52EC /* AmMapArea.m */; };
		1151A565190E9E9E004D52EC /* AmMapData.m in Sources */ = {isa = PBXBuildFile; fileRef = 1151A50E190E9E9E004D52EC /* AmMapData.m */; };
		1151A566190E9E9E004D52EC /* AmMapImage.m in Sources */ = {isa = PBXBuildFile; fileRef = 1151A510190E9E9E004D52EC /* AmMapImage.m */; };
		1151A567190E9E9E004D52EC /* AmMapLine.m in Sources */ = {isa = PBXBuildFile; fileRef = 1151A512190E9E9E004D52EC /* AmMapLine.m */; };
		1151A568190E9E9E004D52EC /* AmMapObject.m in Sources */ = {isa = PBXBuildFile; fileRef = 1151A514190E9E9E004D52EC /* AmMapObject.m */; };
		1151A569190E9E9E004D52EC /* AmObjectList.m in Sources */ = {isa = PBXBuildFile; fileRef = 1151A516190E9E9E004D52EC /* AmObjectList.m */; };
		1151A56A190E9E9E004D52EC /* AmSmallMap.m in Sources */ = {isa = PBXBuildFile; fileRef = 1151A518190E9E9E004D52EC /* AmSmallMap.m */; };
		1151A56B190E9E9E004D52EC /* AmValueLegend.m in Sources */ = {isa = PBXBuildFile; fileRef = 1151A51A190E9E9E004D52EC /* AmValueLegend.m */; };
		1151A56C190E9E9E004D52EC /* AmZoomControl.m in Sources */ = {isa = PBXBuildFile; fileRef = 1151A51C190E9E9E004D52EC /* AmZoomControl.m */; };
		1151A56D190E9E9E004D52EC /* AmPanelSettings.m in Sources */ = {isa = PBXBuildFile; fileRef = 1151A51E190E9E9E004D52EC /* AmPanelSettings.m */; };
		1151A56E190E9E9E004D52EC /* AmPeriodSelector.m in Sources */ = {isa = PBXBuildFile; fileRef = 1151A520190E9E9E004D52EC /* AmPeriodSelector.m */; };
		1151A56F190E9E9E004D52EC /* AmPieChart.m in Sources */ = {isa = PBXBuildFile; fileRef = 1151A522190E9E9E004D52EC /* AmPieChart.m */; };
		1151A570190E9E9E004D52EC /* AmRadarChart.m in Sources */ = {isa = PBXBuildFile; fileRef = 1151A524190E9E9E004D52EC /* AmRadarChart.m */; };
		1151A571190E9E9E004D52EC /* AmRectangularChart.m in Sources */ = {isa = PBXBuildFile; fileRef = 1151A526190E9E9E004D52EC /* AmRectangularChart.m */; };
		1151A572190E9E9E004D52EC /* AmSerialChart.m in Sources */ = {isa = PBXBuildFile; fileRef = 1151A528190E9E9E004D52EC /* AmSerialChart.m */; };
		1151A573190E9E9E004D52EC /* AmSerialDataItem.m in Sources */ = {isa = PBXBuildFile; fileRef = 1151A52A190E9E9E004D52EC /* AmSerialDataItem.m */; };
		1151A574190E9E9E004D52EC /* AmSlice.m in Sources */ = {isa = PBXBuildFile; fileRef = 1151A52C190E9E9E004D52EC /* AmSlice.m */; };
		1151A575190E9E9E004D52EC /* AmSlicedChart.m in Sources */ = {isa = PBXBuildFile; fileRef = 1151A52E190E9E9E004D52EC /* AmSlicedChart.m */; };
		1151A576190E9E9E004D52EC /* AmStockChart.m in Sources */ = {isa = PBXBuildFile; fileRef = 1151A531190E9E9E004D52EC /* AmStockChart.m */; };
		1151A577190E9E9E004D52EC /* AmStockEvent.m in Sources */ = {isa = PBXBuildFile; fileRef = 1151A533190E9E9E004D52EC /* AmStockEvent.m */; };
		1151A578190E9E9E004D52EC /* AmStockEventSettings.m in Sources */ = {isa = PBXBuildFile; fileRef = 1151A535190E9E9E004D52EC /* AmStockEventSettings.m */; };
		1151A579190E9E9E004D52EC /* AmStockGraph.m in Sources */ = {isa = PBXBuildFile; fileRef = 1151A537190E9E9E004D52EC /* AmStockGraph.m */; };
		1151A57A190E9E9E004D52EC /* AmStockLegend.m in Sources */ = {isa = PBXBuildFile; fileRef = 1151A539190E9E9E004D52EC /* AmStockLegend.m */; };
		1151A57B190E9E9E004D52EC /* AmStockPanel.m in Sources */ = {isa = PBXBuildFile; fileRef = 1151A53B190E9E9E004D52EC /* AmStockPanel.m */; };
		1151A57C190E9E9E004D52EC /* AmTitle.m in Sources */ = {isa = PBXBuildFile; fileRef = 1151A53D190E9E9E004D52EC /* AmTitle.m */; };
		1151A57D190E9E9E004D52EC /* AmTrendLine.m in Sources */ = {isa = PBXBuildFile; fileRef = 1151A53F190E9E9E004D52EC /* AmTrendLine.m */; };
		1151A57E190E9E9E004D52EC /* AmValueAxesSettings.m in Sources */ = {isa = PBXBuildFile; fileRef = 1151A541190E9E9E004D52EC /* AmValueAxesSettings.m */; };
		1151A57F190E9E9E004D52EC /* AmValueAxis.m in Sources */ = {isa = PBXBuildFile; fileRef = 1151A543190E9E9E004D52EC /* AmValueAxis.m */; };
		1151A580190E9E9E004D52EC /* AmXYChart.m in Sources */ = {isa = PBXBuildFile; fileRef = 1151A545190E9E9E004D52EC /* AmXYChart.m */; };
		11547467191012790003E1F5 /* AmChartView.m in Sources */ = {isa = PBXBuildFile; fileRef = 11547466191012790003E1F5 /* AmChartView.m */; };
		11547469191012940003E1F5 /* WebKit.framework in Frameworks */ = {isa = PBXBuildFile; fileRef = 11547468191012940003E1F5 /* WebKit.framework */; };
		118929E119101C1900839813 /* AmChartsWeb in Resources */ = {isa = PBXBuildFile; fileRef = 118929E019101C1800839813 /* AmChartsWeb */; };
/* End PBXBuildFile section */

/* Begin PBXContainerItemProxy section */
		1151A4B6190E9E5A004D52EC /* PBXContainerItemProxy */ = {
			isa = PBXContainerItemProxy;
			containerPortal = 1151A489190E9E5A004D52EC /* Project object */;
			proxyType = 1;
			remoteGlobalIDString = 1151A490190E9E5A004D52EC;
			remoteInfo = AmChartsLibrary;
		};
/* End PBXContainerItemProxy section */

/* Begin PBXFileReference section */
		1151A491190E9E5A004D52EC /* AmChartsLibrary.app */ = {isa = PBXFileReference; explicitFileType = wrapper.application; includeInIndex = 0; path = AmChartsLibrary.app; sourceTree = BUILT_PRODUCTS_DIR; };
		1151A494190E9E5A004D52EC /* Cocoa.framework */ = {isa = PBXFileReference; lastKnownFileType = wrapper.framework; name = Cocoa.framework; path = System/Library/Frameworks/Cocoa.framework; sourceTree = SDKROOT; };
		1151A497190E9E5A004D52EC /* AppKit.framework */ = {isa = PBXFileReference; lastKnownFileType = wrapper.framework; name = AppKit.framework; path = System/Library/Frameworks/AppKit.framework; sourceTree = SDKROOT; };
		1151A498190E9E5A004D52EC /* CoreData.framework */ = {isa = PBXFileReference; lastKnownFileType = wrapper.framework; name = CoreData.framework; path = System/Library/Frameworks/CoreData.framework; sourceTree = SDKROOT; };
		1151A499190E9E5A004D52EC /* Foundation.framework */ = {isa = PBXFileReference; lastKnownFileType = wrapper.framework; name = Foundation.framework; path = System/Library/Frameworks/Foundation.framework; sourceTree = SDKROOT; };
		1151A49C190E9E5A004D52EC /* AmChartsLibrary-Info.plist */ = {isa = PBXFileReference; lastKnownFileType = text.plist.xml; path = "AmChartsLibrary-Info.plist"; sourceTree = "<group>"; };
		1151A49E190E9E5A004D52EC /* en */ = {isa = PBXFileReference; lastKnownFileType = text.plist.strings; name = en; path = en.lproj/InfoPlist.strings; sourceTree = "<group>"; };
		1151A4A0190E9E5A004D52EC /* main.m */ = {isa = PBXFileReference; lastKnownFileType = sourcecode.c.objc; path = main.m; sourceTree = "<group>"; };
		1151A4A2190E9E5A004D52EC /* AmChartsLibrary-Prefix.pch */ = {isa = PBXFileReference; lastKnownFileType = sourcecode.c.h; path = "AmChartsLibrary-Prefix.pch"; sourceTree = "<group>"; };
		1151A4A4190E9E5A004D52EC /* en */ = {isa = PBXFileReference; lastKnownFileType = text.rtf; name = en; path = en.lproj/Credits.rtf; sourceTree = "<group>"; };
		1151A4A6190E9E5A004D52EC /* AppDelegate.h */ = {isa = PBXFileReference; lastKnownFileType = sourcecode.c.h; path = AppDelegate.h; sourceTree = "<group>"; };
		1151A4A7190E9E5A004D52EC /* AppDelegate.m */ = {isa = PBXFileReference; lastKnownFileType = sourcecode.c.objc; path = AppDelegate.m; sourceTree = "<group>"; };
		1151A4AA190E9E5A004D52EC /* Base */ = {isa = PBXFileReference; lastKnownFileType = file.xib; name = Base; path = Base.lproj/MainMenu.xib; sourceTree = "<group>"; };
		1151A4AC190E9E5A004D52EC /* Images.xcassets */ = {isa = PBXFileReference; lastKnownFileType = folder.assetcatalog; path = Images.xcassets; sourceTree = "<group>"; };
		1151A4B2190E9E5A004D52EC /* AmChartsLibraryTests.xctest */ = {isa = PBXFileReference; explicitFileType = wrapper.cfbundle; includeInIndex = 0; path = AmChartsLibraryTests.xctest; sourceTree = BUILT_PRODUCTS_DIR; };
		1151A4B3190E9E5A004D52EC /* XCTest.framework */ = {isa = PBXFileReference; lastKnownFileType = wrapper.framework; name = XCTest.framework; path = Library/Frameworks/XCTest.framework; sourceTree = DEVELOPER_DIR; };
		1151A4BA190E9E5A004D52EC /* AmChartsLibraryTests-Info.plist */ = {isa = PBXFileReference; lastKnownFileType = text.plist.xml; path = "AmChartsLibraryTests-Info.plist"; sourceTree = "<group>"; };
		1151A4BC190E9E5A004D52EC /* en */ = {isa = PBXFileReference; lastKnownFileType = text.plist.strings; name = en; path = en.lproj/InfoPlist.strings; sourceTree = "<group>"; };
		1151A4BE190E9E5A004D52EC /* AmChartsLibraryTests.m */ = {isa = PBXFileReference; lastKnownFileType = sourcecode.c.objc; path = AmChartsLibraryTests.m; sourceTree = "<group>"; };
		1151A4CC190E9E9E004D52EC /* AmAngularGauge.h */ = {isa = PBXFileReference; fileEncoding = 4; lastKnownFileType = sourcecode.c.h; lineEnding = 0; path = AmAngularGauge.h; sourceTree = "<group>"; xcLanguageSpecificationIdentifier = xcode.lang.objcpp; };
		1151A4CD190E9E9E004D52EC /* AmAngularGauge.m */ = {isa = PBXFileReference; fileEncoding = 4; lastKnownFileType = sourcecode.c.objc; path = AmAngularGauge.m; sourceTree = "<group>"; };
		1151A4CE190E9E9E004D52EC /* AmAxisBase.h */ = {isa = PBXFileReference; fileEncoding = 4; lastKnownFileType = sourcecode.c.h; lineEnding = 0; path = AmAxisBase.h; sourceTree = "<group>"; xcLanguageSpecificationIdentifier = xcode.lang.objcpp; };
		1151A4CF190E9E9E004D52EC /* AmAxisBase.m */ = {isa = PBXFileReference; fileEncoding = 4; lastKnownFileType = sourcecode.c.objc; path = AmAxisBase.m; sourceTree = "<group>"; };
		1151A4D0190E9E9E004D52EC /* AmBalloon.h */ = {isa = PBXFileReference; fileEncoding = 4; lastKnownFileType = sourcecode.c.h; path = AmBalloon.h; sourceTree = "<group>"; };
		1151A4D1190E9E9E004D52EC /* AmBalloon.m */ = {isa = PBXFileReference; fileEncoding = 4; lastKnownFileType = sourcecode.c.objc; path = AmBalloon.m; sourceTree = "<group>"; };
		1151A4D3190E9E9E004D52EC /* AmCategories.h */ = {isa = PBXFileReference; fileEncoding = 4; lastKnownFileType = sourcecode.c.h; path = AmCategories.h; sourceTree = "<group>"; };
		1151A4D4190E9E9E004D52EC /* NSArray+JSONString.h */ = {isa = PBXFileReference; fileEncoding = 4; lastKnownFileType = sourcecode.c.h; path = "NSArray+JSONString.h"; sourceTree = "<group>"; };
		1151A4D5190E9E9E004D52EC /* NSArray+JSONString.m */ = {isa = PBXFileReference; fileEncoding = 4; lastKnownFileType = sourcecode.c.objc; path = "NSArray+JSONString.m"; sourceTree = "<group>"; };
		1151A4D6190E9E9E004D52EC /* NSDictionary+JSONString.h */ = {isa = PBXFileReference; fileEncoding = 4; lastKnownFileType = sourcecode.c.h; path = "NSDictionary+JSONString.h"; sourceTree = "<group>"; };
		1151A4D7190E9E9E004D52EC /* NSDictionary+JSONString.m */ = {isa = PBXFileReference; fileEncoding = 4; lastKnownFileType = sourcecode.c.objc; path = "NSDictionary+JSONString.m"; sourceTree = "<group>"; };
		1151A4D8190E9E9E004D52EC /* NSString+JSONString.h */ = {isa = PBXFileReference; fileEncoding = 4; lastKnownFileType = sourcecode.c.h; path = "NSString+JSONString.h"; sourceTree = "<group>"; };
		1151A4D9190E9E9E004D52EC /* NSString+JSONString.m */ = {isa = PBXFileReference; fileEncoding = 4; lastKnownFileType = sourcecode.c.objc; path = "NSString+JSONString.m"; sourceTree = "<group>"; };
		1151A4DA190E9E9E004D52EC /* AmCategoryAxesSettings.h */ = {isa = PBXFileReference; fileEncoding = 4; lastKnownFileType = sourcecode.c.h; path = AmCategoryAxesSettings.h; sourceTree = "<group>"; };
		1151A4DB190E9E9E004D52EC /* AmCategoryAxesSettings.m */ = {isa = PBXFileReference; fileEncoding = 4; lastKnownFileType = sourcecode.c.objc; path = AmCategoryAxesSettings.m; sourceTree = "<group>"; };
		1151A4DC190E9E9E004D52EC /* AmCategoryAxis.h */ = {isa = PBXFileReference; fileEncoding = 4; lastKnownFileType = sourcecode.c.h; path = AmCategoryAxis.h; sourceTree = "<group>"; };
		1151A4DD190E9E9E004D52EC /* AmCategoryAxis.m */ = {isa = PBXFileReference; fileEncoding = 4; lastKnownFileType = sourcecode.c.objc; path = AmCategoryAxis.m; sourceTree = "<group>"; };
		1151A4DE190E9E9E004D52EC /* AmChart.h */ = {isa = PBXFileReference; fileEncoding = 4; lastKnownFileType = sourcecode.c.h; path = AmChart.h; sourceTree = "<group>"; };
		1151A4DF190E9E9E004D52EC /* AmChart.m */ = {isa = PBXFileReference; fileEncoding = 4; lastKnownFileType = sourcecode.c.objc; path = AmChart.m; sourceTree = "<group>"; };
		1151A4E0190E9E9E004D52EC /* AmChartCursor.h */ = {isa = PBXFileReference; fileEncoding = 4; lastKnownFileType = sourcecode.c.h; path = AmChartCursor.h; sourceTree = "<group>"; };
		1151A4E1190E9E9E004D52EC /* AmChartCursor.m */ = {isa = PBXFileReference; fileEncoding = 4; lastKnownFileType = sourcecode.c.objc; path = AmChartCursor.m; sourceTree = "<group>"; };
		1151A4E2190E9E9E004D52EC /* AmChartCursorSettings.h */ = {isa = PBXFileReference; fileEncoding = 4; lastKnownFileType = sourcecode.c.h; path = AmChartCursorSettings.h; sourceTree = "<group>"; };
		1151A4E3190E9E9E004D52EC /* AmChartCursorSettings.m */ = {isa = PBXFileReference; fileEncoding = 4; lastKnownFileType = sourcecode.c.objc; path = AmChartCursorSettings.m; sourceTree = "<group>"; };
		1151A4E4190E9E9E004D52EC /* AmChartScrollbar.h */ = {isa = PBXFileReference; fileEncoding = 4; lastKnownFileType = sourcecode.c.h; path = AmChartScrollbar.h; sourceTree = "<group>"; };
		1151A4E5190E9E9E004D52EC /* AmChartScrollbar.m */ = {isa = PBXFileReference; fileEncoding = 4; lastKnownFileType = sourcecode.c.objc; path = AmChartScrollbar.m; sourceTree = "<group>"; };
		1151A4E6190E9E9E004D52EC /* AmChartScrollbarSettings.h */ = {isa = PBXFileReference; fileEncoding = 4; lastKnownFileType = sourcecode.c.h; path = AmChartScrollbarSettings.h; sourceTree = "<group>"; };
		1151A4E7190E9E9E004D52EC /* AmChartScrollbarSettings.m */ = {isa = PBXFileReference; fileEncoding = 4; lastKnownFileType = sourcecode.c.objc; path = AmChartScrollbarSettings.m; sourceTree = "<group>"; };
		1151A4E8190E9E9E004D52EC /* AmCoordinateChart.h */ = {isa = PBXFileReference; fileEncoding = 4; lastKnownFileType = sourcecode.c.h; path = AmCoordinateChart.h; sourceTree = "<group>"; };
		1151A4E9190E9E9E004D52EC /* AmCoordinateChart.m */ = {isa = PBXFileReference; fileEncoding = 4; lastKnownFileType = sourcecode.c.objc; path = AmCoordinateChart.m; sourceTree = "<group>"; };
		1151A4EA190E9E9E004D52EC /* AmDataSet.h */ = {isa = PBXFileReference; fileEncoding = 4; lastKnownFileType = sourcecode.c.h; path = AmDataSet.h; sourceTree = "<group>"; };
		1151A4EB190E9E9E004D52EC /* AmDataSet.m */ = {isa = PBXFileReference; fileEncoding = 4; lastKnownFileType = sourcecode.c.objc; path = AmDataSet.m; sourceTree = "<group>"; };
		1151A4EC190E9E9E004D52EC /* AmDataSetSelector.h */ = {isa = PBXFileReference; fileEncoding = 4; lastKnownFileType = sourcecode.c.h; path = AmDataSetSelector.h; sourceTree = "<group>"; };
		1151A4ED190E9E9E004D52EC /* AmDataSetSelector.m */ = {isa = PBXFileReference; fileEncoding = 4; lastKnownFileType = sourcecode.c.objc; path = AmDataSetSelector.m; sourceTree = "<group>"; };
		1151A4EE190E9E9E004D52EC /* AmFunnelChart.h */ = {isa = PBXFileReference; fileEncoding = 4; lastKnownFileType = sourcecode.c.h; path = AmFunnelChart.h; sourceTree = "<group>"; };
		1151A4EF190E9E9E004D52EC /* AmFunnelChart.m */ = {isa = PBXFileReference; fileEncoding = 4; lastKnownFileType = sourcecode.c.objc; path = AmFunnelChart.m; sourceTree = "<group>"; };
		1151A4F0190E9E9E004D52EC /* AmGaugeArrow.h */ = {isa = PBXFileReference; fileEncoding = 4; lastKnownFileType = sourcecode.c.h; path = AmGaugeArrow.h; sourceTree = "<group>"; };
		1151A4F1190E9E9E004D52EC /* AmGaugeArrow.m */ = {isa = PBXFileReference; fileEncoding = 4; lastKnownFileType = sourcecode.c.objc; path = AmGaugeArrow.m; sourceTree = "<group>"; };
		1151A4F2190E9E9E004D52EC /* AmGaugeAxis.h */ = {isa = PBXFileReference; fileEncoding = 4; lastKnownFileType = sourcecode.c.h; path = AmGaugeAxis.h; sourceTree = "<group>"; };
		1151A4F3190E9E9E004D52EC /* AmGaugeAxis.m */ = {isa = PBXFileReference; fileEncoding = 4; lastKnownFileType = sourcecode.c.objc; path = AmGaugeAxis.m; sourceTree = "<group>"; };
		1151A4F4190E9E9E004D52EC /* AmGaugeBand.h */ = {isa = PBXFileReference; fileEncoding = 4; lastKnownFileType = sourcecode.c.h; path = AmGaugeBand.h; sourceTree = "<group>"; };
		1151A4F5190E9E9E004D52EC /* AmGaugeBand.m */ = {isa = PBXFileReference; fileEncoding = 4; lastKnownFileType = sourcecode.c.objc; path = AmGaugeBand.m; sourceTree = "<group>"; };
		1151A4F6190E9E9E004D52EC /* AmGraph.h */ = {isa = PBXFileReference; fileEncoding = 4; lastKnownFileType = sourcecode.c.h; path = AmGraph.h; sourceTree = "<group>"; };
		1151A4F7190E9E9E004D52EC /* AmGraph.m */ = {isa = PBXFileReference; fileEncoding = 4; lastKnownFileType = sourcecode.c.objc; path = AmGraph.m; sourceTree = "<group>"; };
		1151A4F8190E9E9E004D52EC /* AmGraphDataItem.h */ = {isa = PBXFileReference; fileEncoding = 4; lastKnownFileType = sourcecode.c.h; path = AmGraphDataItem.h; sourceTree = "<group>"; };
		1151A4F9190E9E9E004D52EC /* AmGraphDataItem.m */ = {isa = PBXFileReference; fileEncoding = 4; lastKnownFileType = sourcecode.c.objc; path = AmGraphDataItem.m; sourceTree = "<group>"; };
		1151A4FA190E9E9E004D52EC /* AmGuide.h */ = {isa = PBXFileReference; fileEncoding = 4; lastKnownFileType = sourcecode.c.h; path = AmGuide.h; sourceTree = "<group>"; };
		1151A4FB190E9E9E004D52EC /* AmGuide.m */ = {isa = PBXFileReference; fileEncoding = 4; lastKnownFileType = sourcecode.c.objc; path = AmGuide.m; sourceTree = "<group>"; };
		1151A4FC190E9E9E004D52EC /* AmLabel.h */ = {isa = PBXFileReference; fileEncoding = 4; lastKnownFileType = sourcecode.c.h; path = AmLabel.h; sourceTree = "<group>"; };
		1151A4FD190E9E9E004D52EC /* AmLabel.m */ = {isa = PBXFileReference; fileEncoding = 4; lastKnownFileType = sourcecode.c.objc; path = AmLabel.m; sourceTree = "<group>"; };
		1151A4FE190E9E9E004D52EC /* AmLegend.h */ = {isa = PBXFileReference; fileEncoding = 4; lastKnownFileType = sourcecode.c.h; path = AmLegend.h; sourceTree = "<group>"; };
		1151A4FF190E9E9E004D52EC /* AmLegend.m */ = {isa = PBXFileReference; fileEncoding = 4; lastKnownFileType = sourcecode.c.objc; path = AmLegend.m; sourceTree = "<group>"; };
		1151A500190E9E9E004D52EC /* AmLegendSettings.h */ = {isa = PBXFileReference; fileEncoding = 4; lastKnownFileType = sourcecode.c.h; path = AmLegendSettings.h; sourceTree = "<group>"; };
		1151A501190E9E9E004D52EC /* AmLegendSettings.m */ = {isa = PBXFileReference; fileEncoding = 4; lastKnownFileType = sourcecode.c.objc; path = AmLegendSettings.m; sourceTree = "<group>"; };
		1151A503190E9E9E004D52EC /* AmAreasSettings.h */ = {isa = PBXFileReference; fileEncoding = 4; lastKnownFileType = sourcecode.c.h; lineEnding = 0; path = AmAreasSettings.h; sourceTree = "<group>"; xcLanguageSpecificationIdentifier = xcode.lang.objcpp; };
		1151A504190E9E9E004D52EC /* AmAreasSettings.m */ = {isa = PBXFileReference; fileEncoding = 4; lastKnownFileType = sourcecode.c.objc; path = AmAreasSettings.m; sourceTree = "<group>"; };
		1151A505190E9E9E004D52EC /* AmImagesSettings.h */ = {isa = PBXFileReference; fileEncoding = 4; lastKnownFileType = sourcecode.c.h; path = AmImagesSettings.h; sourceTree = "<group>"; };
		1151A506190E9E9E004D52EC /* AmImagesSettings.m */ = {isa = PBXFileReference; fileEncoding = 4; lastKnownFileType = sourcecode.c.objc; path = AmImagesSettings.m; sourceTree = "<group>"; };
		1151A507190E9E9E004D52EC /* AmLinesSettings.h */ = {isa = PBXFileReference; fileEncoding = 4; lastKnownFileType = sourcecode.c.h; path = AmLinesSettings.h; sourceTree = "<group>"; };
		1151A508190E9E9E004D52EC /* AmLinesSettings.m */ = {isa = PBXFileReference; fileEncoding = 4; lastKnownFileType = sourcecode.c.objc; path = AmLinesSettings.m; sourceTree = "<group>"; };
		1151A509190E9E9E004D52EC /* AmMap.h */ = {isa = PBXFileReference; fileEncoding = 4; lastKnownFileType = sourcecode.c.h; path = AmMap.h; sourceTree = "<group>"; };
		1151A50A190E9E9E004D52EC /* AmMap.m */ = {isa = PBXFileReference; fileEncoding = 4; lastKnownFileType = sourcecode.c.objc; path = AmMap.m; sourceTree = "<group>"; };
		1151A50B190E9E9E004D52EC /* AmMapArea.h */ = {isa = PBXFileReference; fileEncoding = 4; lastKnownFileType = sourcecode.c.h; path = AmMapArea.h; sourceTree = "<group>"; };
		1151A50C190E9E9E004D52EC /* AmMapArea.m */ = {isa = PBXFileReference; fileEncoding = 4; lastKnownFileType = sourcecode.c.objc; path = AmMapArea.m; sourceTree = "<group>"; };
		1151A50D190E9E9E004D52EC /* AmMapData.h */ = {isa = PBXFileReference; fileEncoding = 4; lastKnownFileType = sourcecode.c.h; path = AmMapData.h; sourceTree = "<group>"; };
		1151A50E190E9E9E004D52EC /* AmMapData.m */ = {isa = PBXFileReference; fileEncoding = 4; lastKnownFileType = sourcecode.c.objc; path = AmMapData.m; sourceTree = "<group>"; };
		1151A50F190E9E9E004D52EC /* AmMapImage.h */ = {isa = PBXFileReference; fileEncoding = 4; lastKnownFileType = sourcecode.c.h; path = AmMapImage.h; sourceTree = "<group>"; };
		1151A510190E9E9E004D52EC /* AmMapImage.m */ = {isa = PBXFileReference; fileEncoding = 4; lastKnownFileType = sourcecode.c.objc; path = AmMapImage.m; sourceTree = "<group>"; };
		1151A511190E9E9E004D52EC /* AmMapLine.h */ = {isa = PBXFileReference; fileEncoding = 4; lastKnownFileType = sourcecode.c.h; path = AmMapLine.h; sourceTree = "<group>"; };
		1151A512190E9E9E004D52EC /* AmMapLine.m */ = {isa = PBXFileReference; fileEncoding = 4; lastKnownFileType = sourcecode.c.objc; path = AmMapLine.m; sourceTree = "<group>"; };
		1151A513190E9E9E004D52EC /* AmMapObject.h */ = {isa = PBXFileReference; fileEncoding = 4; lastKnownFileType = sourcecode.c.h; path = AmMapObject.h; sourceTree = "<group>"; };
		1151A514190E9E9E004D52EC /* AmMapObject.m */ = {isa = PBXFileReference; fileEncoding = 4; lastKnownFileType = sourcecode.c.objc; path = AmMapObject.m; sourceTree = "<group>"; };
		1151A515190E9E9E004D52EC /* AmObjectList.h */ = {isa = PBXFileReference; fileEncoding = 4; lastKnownFileType = sourcecode.c.h; path = AmObjectList.h; sourceTree = "<group>"; };
		1151A516190E9E9E004D52EC /* AmObjectList.m */ = {isa = PBXFileReference; fileEncoding = 4; lastKnownFileType = sourcecode.c.objc; path = AmObjectList.m; sourceTree = "<group>"; };
		1151A517190E9E9E004D52EC /* AmSmallMap.h */ = {isa = PBXFileReference; fileEncoding = 4; lastKnownFileType = sourcecode.c.h; path = AmSmallMap.h; sourceTree = "<group>"; };
		1151A518190E9E9E004D52EC /* AmSmallMap.m */ = {isa = PBXFileReference; fileEncoding = 4; lastKnownFileType = sourcecode.c.objc; path = AmSmallMap.m; sourceTree = "<group>"; };
		1151A519190E9E9E004D52EC /* AmValueLegend.h */ = {isa = PBXFileReference; fileEncoding = 4; lastKnownFileType = sourcecode.c.h; path = AmValueLegend.h; sourceTree = "<group>"; };
		1151A51A190E9E9E004D52EC /* AmValueLegend.m */ = {isa = PBXFileReference; fileEncoding = 4; lastKnownFileType = sourcecode.c.objc; path = AmValueLegend.m; sourceTree = "<group>"; };
		1151A51B190E9E9E004D52EC /* AmZoomControl.h */ = {isa = PBXFileReference; fileEncoding = 4; lastKnownFileType = sourcecode.c.h; path = AmZoomControl.h; sourceTree = "<group>"; };
		1151A51C190E9E9E004D52EC /* AmZoomControl.m */ = {isa = PBXFileReference; fileEncoding = 4; lastKnownFileType = sourcecode.c.objc; path = AmZoomControl.m; sourceTree = "<group>"; };
		1151A51D190E9E9E004D52EC /* AmPanelSettings.h */ = {isa = PBXFileReference; fileEncoding = 4; lastKnownFileType = sourcecode.c.h; path = AmPanelSettings.h; sourceTree = "<group>"; };
		1151A51E190E9E9E004D52EC /* AmPanelSettings.m */ = {isa = PBXFileReference; fileEncoding = 4; lastKnownFileType = sourcecode.c.objc; path = AmPanelSettings.m; sourceTree = "<group>"; };
		1151A51F190E9E9E004D52EC /* AmPeriodSelector.h */ = {isa = PBXFileReference; fileEncoding = 4; lastKnownFileType = sourcecode.c.h; path = AmPeriodSelector.h; sourceTree = "<group>"; };
		1151A520190E9E9E004D52EC /* AmPeriodSelector.m */ = {isa = PBXFileReference; fileEncoding = 4; lastKnownFileType = sourcecode.c.objc; path = AmPeriodSelector.m; sourceTree = "<group>"; };
		1151A521190E9E9E004D52EC /* AmPieChart.h */ = {isa = PBXFileReference; fileEncoding = 4; lastKnownFileType = sourcecode.c.h; path = AmPieChart.h; sourceTree = "<group>"; };
		1151A522190E9E9E004D52EC /* AmPieChart.m */ = {isa = PBXFileReference; fileEncoding = 4; lastKnownFileType = sourcecode.c.objc; path = AmPieChart.m; sourceTree = "<group>"; };
		1151A523190E9E9E004D52EC /* AmRadarChart.h */ = {isa = PBXFileReference; fileEncoding = 4; lastKnownFileType = sourcecode.c.h; path = AmRadarChart.h; sourceTree = "<group>"; };
		1151A524190E9E9E004D52EC /* AmRadarChart.m */ = {isa = PBXFileReference; fileEncoding = 4; lastKnownFileType = sourcecode.c.objc; path = AmRadarChart.m; sourceTree = "<group>"; };
		1151A525190E9E9E004D52EC /* AmRectangularChart.h */ = {isa = PBXFileReference; fileEncoding = 4; lastKnownFileType = sourcecode.c.h; path = AmRectangularChart.h; sourceTree = "<group>"; };
		1151A526190E9E9E004D52EC /* AmRectangularChart.m */ = {isa = PBXFileReference; fileEncoding = 4; lastKnownFileType = sourcecode.c.objc; path = AmRectangularChart.m; sourceTree = "<group>"; };
		1151A527190E9E9E004D52EC /* AmSerialChart.h */ = {isa = PBXFileReference; fileEncoding = 4; lastKnownFileType = sourcecode.c.h; path = AmSerialChart.h; sourceTree = "<group>"; };
		1151A528190E9E9E004D52EC /* AmSerialChart.m */ = {isa = PBXFileReference; fileEncoding = 4; lastKnownFileType = sourcecode.c.objc; path = AmSerialChart.m; sourceTree = "<group>"; };
		1151A529190E9E9E004D52EC /* AmSerialDataItem.h */ = {isa = PBXFileReference; fileEncoding = 4; lastKnownFileType = sourcecode.c.h; path = AmSerialDataItem.h; sourceTree = "<group>"; };
		1151A52A190E9E9E004D52EC /* AmSerialDataItem.m */ = {isa = PBXFileReference; fileEncoding = 4; lastKnownFileType = sourcecode.c.objc; path = AmSerialDataItem.m; sourceTree = "<group>"; };
		1151A52B190E9E9E004D52EC /* AmSlice.h */ = {isa = PBXFileReference; fileEncoding = 4; lastKnownFileType = sourcecode.c.h; path = AmSlice.h; sourceTree = "<group>"; };
		1151A52C190E9E9E004D52EC /* AmSlice.m */ = {isa = PBXFileReference; fileEncoding = 4; lastKnownFileType = sourcecode.c.objc; path = AmSlice.m; sourceTree = "<group>"; };
		1151A52D190E9E9E004D52EC /* AmSlicedChart.h */ = {isa = PBXFileReference; fileEncoding = 4; lastKnownFileType = sourcecode.c.h; path = AmSlicedChart.h; sourceTree = "<group>"; };
		1151A52E190E9E9E004D52EC /* AmSlicedChart.m */ = {isa = PBXFileReference; fileEncoding = 4; lastKnownFileType = sourcecode.c.objc; path = AmSlicedChart.m; sourceTree = "<group>"; };
		1151A530190E9E9E004D52EC /* AmStockChart.h */ = {isa = PBXFileReference; fileEncoding = 4; lastKnownFileType = sourcecode.c.h; path = AmStockChart.h; sourceTree = "<group>"; };
		1151A531190E9E9E004D52EC /* AmStockChart.m */ = {isa = PBXFileReference; fileEncoding = 4; lastKnownFileType = sourcecode.c.objc; path = AmStockChart.m; sourceTree = "<group>"; };
		1151A532190E9E9E004D52EC /* AmStockEvent.h */ = {isa = PBXFileReference; fileEncoding = 4; lastKnownFileType = sourcecode.c.h; path = AmStockEvent.h; sourceTree = "<group>"; };
		1151A533190E9E9E004D52EC /* AmStockEvent.m */ = {isa = PBXFileReference; fileEncoding = 4; lastKnownFileType = sourcecode.c.objc; path = AmStockEvent.m; sourceTree = "<group>"; };
		1151A534190E9E9E004D52EC /* AmStockEventSettings.h */ = {isa = PBXFileReference; fileEncoding = 4; lastKnownFileType = sourcecode.c.h; path = AmStockEventSettings.h; sourceTree = "<group>"; };
		1151A535190E9E9E004D52EC /* AmStockEventSettings.m */ = {isa = PBXFileReference; fileEncoding = 4; lastKnownFileType = sourcecode.c.objc; path = AmStockEventSettings.m; sourceTree = "<group>"; };
		1151A536190E9E9E004D52EC /* AmStockGraph.h */ = {isa = PBXFileReference; fileEncoding = 4; lastKnownFileType = sourcecode.c.h; path = AmStockGraph.h; sourceTree = "<group>"; };
		1151A537190E9E9E004D52EC /* AmStockGraph.m */ = {isa = PBXFileReference; fileEncoding = 4; lastKnownFileType = sourcecode.c.objc; path = AmStockGraph.m; sourceTree = "<group>"; };
		1151A538190E9E9E004D52EC /* AmStockLegend.h */ = {isa = PBXFileReference; fileEncoding = 4; lastKnownFileType = sourcecode.c.h; path = AmStockLegend.h; sourceTree = "<group>"; };
		1151A539190E9E9E004D52EC /* AmStockLegend.m */ = {isa = PBXFileReference; fileEncoding = 4; lastKnownFileType = sourcecode.c.objc; path = AmStockLegend.m; sourceTree = "<group>"; };
		1151A53A190E9E9E004D52EC /* AmStockPanel.h */ = {isa = PBXFileReference; fileEncoding = 4; lastKnownFileType = sourcecode.c.h; path = AmStockPanel.h; sourceTree = "<group>"; };
		1151A53B190E9E9E004D52EC /* AmStockPanel.m */ = {isa = PBXFileReference; fileEncoding = 4; lastKnownFileType = sourcecode.c.objc; path = AmStockPanel.m; sourceTree = "<group>"; };
		1151A53C190E9E9E004D52EC /* AmTitle.h */ = {isa = PBXFileReference; fileEncoding = 4; lastKnownFileType = sourcecode.c.h; path = AmTitle.h; sourceTree = "<group>"; };
		1151A53D190E9E9E004D52EC /* AmTitle.m */ = {isa = PBXFileReference; fileEncoding = 4; lastKnownFileType = sourcecode.c.objc; path = AmTitle.m; sourceTree = "<group>"; };
		1151A53E190E9E9E004D52EC /* AmTrendLine.h */ = {isa = PBXFileReference; fileEncoding = 4; lastKnownFileType = sourcecode.c.h; path = AmTrendLine.h; sourceTree = "<group>"; };
		1151A53F190E9E9E004D52EC /* AmTrendLine.m */ = {isa = PBXFileReference; fileEncoding = 4; lastKnownFileType = sourcecode.c.objc; path = AmTrendLine.m; sourceTree = "<group>"; };
		1151A540190E9E9E004D52EC /* AmValueAxesSettings.h */ = {isa = PBXFileReference; fileEncoding = 4; lastKnownFileType = sourcecode.c.h; path = AmValueAxesSettings.h; sourceTree = "<group>"; };
		1151A541190E9E9E004D52EC /* AmValueAxesSettings.m */ = {isa = PBXFileReference; fileEncoding = 4; lastKnownFileType = sourcecode.c.objc; path = AmValueAxesSettings.m; sourceTree = "<group>"; };
		1151A542190E9E9E004D52EC /* AmValueAxis.h */ = {isa = PBXFileReference; fileEncoding = 4; lastKnownFileType = sourcecode.c.h; path = AmValueAxis.h; sourceTree = "<group>"; };
		1151A543190E9E9E004D52EC /* AmValueAxis.m */ = {isa = PBXFileReference; fileEncoding = 4; lastKnownFileType = sourcecode.c.objc; path = AmValueAxis.m; sourceTree = "<group>"; };
		1151A544190E9E9E004D52EC /* AmXYChart.h */ = {isa = PBXFileReference; fileEncoding = 4; lastKnownFileType = sourcecode.c.h; path = AmXYChart.h; sourceTree = "<group>"; };
		1151A545190E9E9E004D52EC /* AmXYChart.m */ = {isa = PBXFileReference; fileEncoding = 4; lastKnownFileType = sourcecode.c.objc; path = AmXYChart.m; sourceTree = "<group>"; };
		11547464191007F80003E1F5 /* AmCharts.h */ = {isa = PBXFileReference; fileEncoding = 4; lastKnownFileType = sourcecode.c.h; path = AmCharts.h; sourceTree = "<group>"; };
		11547465191012790003E1F5 /* AmChartView.h */ = {isa = PBXFileReference; fileEncoding = 4; lastKnownFileType = sourcecode.c.h; path = AmChartView.h; sourceTree = "<group>"; };
		11547466191012790003E1F5 /* AmChartView.m */ = {isa = PBXFileReference; fileEncoding = 4; lastKnownFileType = sourcecode.c.objc; path = AmChartView.m; sourceTree = "<group>"; };
		11547468191012940003E1F5 /* WebKit.framework */ = {isa = PBXFileReference; lastKnownFileType = wrapper.framework; name = WebKit.framework; path = System/Library/Frameworks/WebKit.framework; sourceTree = SDKROOT; };
		118929E019101C1800839813 /* AmChartsWeb */ = {isa = PBXFileReference; lastKnownFileType = folder; path = AmChartsWeb; sourceTree = "<group>"; };
/* End PBXFileReference section */

/* Begin PBXFrameworksBuildPhase section */
		1151A48E190E9E5A004D52EC /* Frameworks */ = {
			isa = PBXFrameworksBuildPhase;
			buildActionMask = 2147483647;
			files = (
				11547469191012940003E1F5 /* WebKit.framework in Frameworks */,
				1151A495190E9E5A004D52EC /* Cocoa.framework in Frameworks */,
			);
			runOnlyForDeploymentPostprocessing = 0;
		};
		1151A4AF190E9E5A004D52EC /* Frameworks */ = {
			isa = PBXFrameworksBuildPhase;
			buildActionMask = 2147483647;
			files = (
				1151A4B5190E9E5A004D52EC /* Cocoa.framework in Frameworks */,
				1151A4B4190E9E5A004D52EC /* XCTest.framework in Frameworks */,
			);
			runOnlyForDeploymentPostprocessing = 0;
		};
/* End PBXFrameworksBuildPhase section */

/* Begin PBXGroup section */
		1151A488190E9E5A004D52EC = {
			isa = PBXGroup;
			children = (
				1151A4CB190E9E9E004D52EC /* AmCharts */,
				1151A49A190E9E5A004D52EC /* AmChartsLibrary */,
				1151A4B8190E9E5A004D52EC /* AmChartsLibraryTests */,
				1151A493190E9E5A004D52EC /* Frameworks */,
				1151A492190E9E5A004D52EC /* Products */,
			);
			sourceTree = "<group>";
		};
		1151A492190E9E5A004D52EC /* Products */ = {
			isa = PBXGroup;
			children = (
				1151A491190E9E5A004D52EC /* AmChartsLibrary.app */,
				1151A4B2190E9E5A004D52EC /* AmChartsLibraryTests.xctest */,
			);
			name = Products;
			sourceTree = "<group>";
		};
		1151A493190E9E5A004D52EC /* Frameworks */ = {
			isa = PBXGroup;
			children = (
				11547468191012940003E1F5 /* WebKit.framework */,
				1151A494190E9E5A004D52EC /* Cocoa.framework */,
				1151A4B3190E9E5A004D52EC /* XCTest.framework */,
				1151A496190E9E5A004D52EC /* Other Frameworks */,
			);
			name = Frameworks;
			sourceTree = "<group>";
		};
		1151A496190E9E5A004D52EC /* Other Frameworks */ = {
			isa = PBXGroup;
			children = (
				1151A497190E9E5A004D52EC /* AppKit.framework */,
				1151A498190E9E5A004D52EC /* CoreData.framework */,
				1151A499190E9E5A004D52EC /* Foundation.framework */,
			);
			name = "Other Frameworks";
			sourceTree = "<group>";
		};
		1151A49A190E9E5A004D52EC /* AmChartsLibrary */ = {
			isa = PBXGroup;
			children = (
				1151A4A6190E9E5A004D52EC /* AppDelegate.h */,
				1151A4A7190E9E5A004D52EC /* AppDelegate.m */,
				1151A4A9190E9E5A004D52EC /* MainMenu.xib */,
				1151A4AC190E9E5A004D52EC /* Images.xcassets */,
				1151A49B190E9E5A004D52EC /* Supporting Files */,
			);
			path = AmChartsLibrary;
			sourceTree = "<group>";
		};
		1151A49B190E9E5A004D52EC /* Supporting Files */ = {
			isa = PBXGroup;
			children = (
				1151A49C190E9E5A004D52EC /* AmChartsLibrary-Info.plist */,
				1151A49D190E9E5A004D52EC /* InfoPlist.strings */,
				1151A4A0190E9E5A004D52EC /* main.m */,
				1151A4A2190E9E5A004D52EC /* AmChartsLibrary-Prefix.pch */,
				1151A4A3190E9E5A004D52EC /* Credits.rtf */,
			);
			name = "Supporting Files";
			sourceTree = "<group>";
		};
		1151A4B8190E9E5A004D52EC /* AmChartsLibraryTests */ = {
			isa = PBXGroup;
			children = (
				1151A4BE190E9E5A004D52EC /* AmChartsLibraryTests.m */,
				1151A4B9190E9E5A004D52EC /* Supporting Files */,
			);
			path = AmChartsLibraryTests;
			sourceTree = "<group>";
		};
		1151A4B9190E9E5A004D52EC /* Supporting Files */ = {
			isa = PBXGroup;
			children = (
				1151A4BA190E9E5A004D52EC /* AmChartsLibraryTests-Info.plist */,
				1151A4BB190E9E5A004D52EC /* InfoPlist.strings */,
			);
			name = "Supporting Files";
			sourceTree = "<group>";
		};
		1151A4CB190E9E9E004D52EC /* AmCharts */ = {
			isa = PBXGroup;
			children = (
				11547464191007F80003E1F5 /* AmCharts.h */,
				1151A4D2190E9E9E004D52EC /* AmCategories */,
				115474621910023F0003E1F5 /* Charts */,
				1151A502190E9E9E004D52EC /* Maps */,
				1151A52F190E9E9E004D52EC /* Stock Charts */,
				11547465191012790003E1F5 /* AmChartView.h */,
				11547466191012790003E1F5 /* AmChartView.m */,
				118929E019101C1800839813 /* AmChartsWeb */,
			);
			path = AmCharts;
			sourceTree = "<group>";
		};
		1151A4D2190E9E9E004D52EC /* AmCategories */ = {
			isa = PBXGroup;
			children = (
				1151A4D3190E9E9E004D52EC /* AmCategories.h */,
				1151A4D4190E9E9E004D52EC /* NSArray+JSONString.h */,
				1151A4D5190E9E9E004D52EC /* NSArray+JSONString.m */,
				1151A4D6190E9E9E004D52EC /* NSDictionary+JSONString.h */,
				1151A4D7190E9E9E004D52EC /* NSDictionary+JSONString.m */,
				1151A4D8190E9E9E004D52EC /* NSString+JSONString.h */,
				1151A4D9190E9E9E004D52EC /* NSString+JSONString.m */,
			);
			path = AmCategories;
			sourceTree = "<group>";
		};
		1151A502190E9E9E004D52EC /* Maps */ = {
			isa = PBXGroup;
			children = (
				1151A503190E9E9E004D52EC /* AmAreasSettings.h */,
				1151A504190E9E9E004D52EC /* AmAreasSettings.m */,
				1151A505190E9E9E004D52EC /* AmImagesSettings.h */,
				1151A506190E9E9E004D52EC /* AmImagesSettings.m */,
				1151A507190E9E9E004D52EC /* AmLinesSettings.h */,
				1151A508190E9E9E004D52EC /* AmLinesSettings.m */,
				1151A509190E9E9E004D52EC /* AmMap.h */,
				1151A50A190E9E9E004D52EC /* AmMap.m */,
				1151A50B190E9E9E004D52EC /* AmMapArea.h */,
				1151A50C190E9E9E004D52EC /* AmMapArea.m */,
				1151A50D190E9E9E004D52EC /* AmMapData.h */,
				1151A50E190E9E9E004D52EC /* AmMapData.m */,
				1151A50F190E9E9E004D52EC /* AmMapImage.h */,
				1151A510190E9E9E004D52EC /* AmMapImage.m */,
				1151A511190E9E9E004D52EC /* AmMapLine.h */,
				1151A512190E9E9E004D52EC /* AmMapLine.m */,
				1151A513190E9E9E004D52EC /* AmMapObject.h */,
				1151A514190E9E9E004D52EC /* AmMapObject.m */,
				1151A515190E9E9E004D52EC /* AmObjectList.h */,
				1151A516190E9E9E004D52EC /* AmObjectList.m */,
				1151A517190E9E9E004D52EC /* AmSmallMap.h */,
				1151A518190E9E9E004D52EC /* AmSmallMap.m */,
				1151A519190E9E9E004D52EC /* AmValueLegend.h */,
				1151A51A190E9E9E004D52EC /* AmValueLegend.m */,
				1151A51B190E9E9E004D52EC /* AmZoomControl.h */,
				1151A51C190E9E9E004D52EC /* AmZoomControl.m */,
			);
			name = Maps;
			path = AmMaps;
			sourceTree = "<group>";
		};
		1151A52F190E9E9E004D52EC /* Stock Charts */ = {
			isa = PBXGroup;
			children = (
				1151A530190E9E9E004D52EC /* AmStockChart.h */,
				1151A531190E9E9E004D52EC /* AmStockChart.m */,
				1151A532190E9E9E004D52EC /* AmStockEvent.h */,
				1151A533190E9E9E004D52EC /* AmStockEvent.m */,
				1151A534190E9E9E004D52EC /* AmStockEventSettings.h */,
				1151A535190E9E9E004D52EC /* AmStockEventSettings.m */,
				1151A536190E9E9E004D52EC /* AmStockGraph.h */,
				1151A537190E9E9E004D52EC /* AmStockGraph.m */,
				1151A538190E9E9E004D52EC /* AmStockLegend.h */,
				1151A539190E9E9E004D52EC /* AmStockLegend.m */,
				1151A53A190E9E9E004D52EC /* AmStockPanel.h */,
				1151A53B190E9E9E004D52EC /* AmStockPanel.m */,
			);
			name = "Stock Charts";
			path = AmStocks;
			sourceTree = "<group>";
		};
		115474621910023F0003E1F5 /* Charts */ = {
			isa = PBXGroup;
			children = (
				1151A4CC190E9E9E004D52EC /* AmAngularGauge.h */,
				1151A4CD190E9E9E004D52EC /* AmAngularGauge.m */,
				1151A4CE190E9E9E004D52EC /* AmAxisBase.h */,
				1151A4CF190E9E9E004D52EC /* AmAxisBase.m */,
				1151A4D0190E9E9E004D52EC /* AmBalloon.h */,
				1151A4D1190E9E9E004D52EC /* AmBalloon.m */,
				1151A4DA190E9E9E004D52EC /* AmCategoryAxesSettings.h */,
				1151A4DB190E9E9E004D52EC /* AmCategoryAxesSettings.m */,
				1151A4DC190E9E9E004D52EC /* AmCategoryAxis.h */,
				1151A4DD190E9E9E004D52EC /* AmCategoryAxis.m */,
				1151A4DE190E9E9E004D52EC /* AmChart.h */,
				1151A4DF190E9E9E004D52EC /* AmChart.m */,
				1151A4E0190E9E9E004D52EC /* AmChartCursor.h */,
				1151A4E1190E9E9E004D52EC /* AmChartCursor.m */,
				1151A4E2190E9E9E004D52EC /* AmChartCursorSettings.h */,
				1151A4E3190E9E9E004D52EC /* AmChartCursorSettings.m */,
				1151A4E4190E9E9E004D52EC /* AmChartScrollbar.h */,
				1151A4E5190E9E9E004D52EC /* AmChartScrollbar.m */,
				1151A4E6190E9E9E004D52EC /* AmChartScrollbarSettings.h */,
				1151A4E7190E9E9E004D52EC /* AmChartScrollbarSettings.m */,
				1151A4E8190E9E9E004D52EC /* AmCoordinateChart.h */,
				1151A4E9190E9E9E004D52EC /* AmCoordinateChart.m */,
				1151A4EA190E9E9E004D52EC /* AmDataSet.h */,
				1151A4EB190E9E9E004D52EC /* AmDataSet.m */,
				1151A4EC190E9E9E004D52EC /* AmDataSetSelector.h */,
				1151A4ED190E9E9E004D52EC /* AmDataSetSelector.m */,
				1151A4EE190E9E9E004D52EC /* AmFunnelChart.h */,
				1151A4EF190E9E9E004D52EC /* AmFunnelChart.m */,
				1151A4F0190E9E9E004D52EC /* AmGaugeArrow.h */,
				1151A4F1190E9E9E004D52EC /* AmGaugeArrow.m */,
				1151A4F2190E9E9E004D52EC /* AmGaugeAxis.h */,
				1151A4F3190E9E9E004D52EC /* AmGaugeAxis.m */,
				1151A4F4190E9E9E004D52EC /* AmGaugeBand.h */,
				1151A4F5190E9E9E004D52EC /* AmGaugeBand.m */,
				1151A4F6190E9E9E004D52EC /* AmGraph.h */,
				1151A4F7190E9E9E004D52EC /* AmGraph.m */,
				1151A4F8190E9E9E004D52EC /* AmGraphDataItem.h */,
				1151A4F9190E9E9E004D52EC /* AmGraphDataItem.m */,
				1151A4FA190E9E9E004D52EC /* AmGuide.h */,
				1151A4FB190E9E9E004D52EC /* AmGuide.m */,
				1151A4FC190E9E9E004D52EC /* AmLabel.h */,
				1151A4FD190E9E9E004D52EC /* AmLabel.m */,
				1151A4FE190E9E9E004D52EC /* AmLegend.h */,
				1151A4FF190E9E9E004D52EC /* AmLegend.m */,
				1151A500190E9E9E004D52EC /* AmLegendSettings.h */,
				1151A501190E9E9E004D52EC /* AmLegendSettings.m */,
				1151A51D190E9E9E004D52EC /* AmPanelSettings.h */,
				1151A51E190E9E9E004D52EC /* AmPanelSettings.m */,
				1151A51F190E9E9E004D52EC /* AmPeriodSelector.h */,
				1151A520190E9E9E004D52EC /* AmPeriodSelector.m */,
				1151A521190E9E9E004D52EC /* AmPieChart.h */,
				1151A522190E9E9E004D52EC /* AmPieChart.m */,
				1151A523190E9E9E004D52EC /* AmRadarChart.h */,
				1151A524190E9E9E004D52EC /* AmRadarChart.m */,
				1151A525190E9E9E004D52EC /* AmRectangularChart.h */,
				1151A526190E9E9E004D52EC /* AmRectangularChart.m */,
				1151A527190E9E9E004D52EC /* AmSerialChart.h */,
				1151A528190E9E9E004D52EC /* AmSerialChart.m */,
				1151A529190E9E9E004D52EC /* AmSerialDataItem.h */,
				1151A52A190E9E9E004D52EC /* AmSerialDataItem.m */,
				1151A52B190E9E9E004D52EC /* AmSlice.h */,
				1151A52C190E9E9E004D52EC /* AmSlice.m */,
				1151A52D190E9E9E004D52EC /* AmSlicedChart.h */,
				1151A52E190E9E9E004D52EC /* AmSlicedChart.m */,
				1151A53C190E9E9E004D52EC /* AmTitle.h */,
				1151A53D190E9E9E004D52EC /* AmTitle.m */,
				1151A53E190E9E9E004D52EC /* AmTrendLine.h */,
				1151A53F190E9E9E004D52EC /* AmTrendLine.m */,
				1151A540190E9E9E004D52EC /* AmValueAxesSettings.h */,
				1151A541190E9E9E004D52EC /* AmValueAxesSettings.m */,
				1151A542190E9E9E004D52EC /* AmValueAxis.h */,
				1151A543190E9E9E004D52EC /* AmValueAxis.m */,
				1151A544190E9E9E004D52EC /* AmXYChart.h */,
				1151A545190E9E9E004D52EC /* AmXYChart.m */,
			);
			name = Charts;
			sourceTree = "<group>";
		};
/* End PBXGroup section */

/* Begin PBXNativeTarget section */
		1151A490190E9E5A004D52EC /* AmChartsLibrary */ = {
			isa = PBXNativeTarget;
			buildConfigurationList = 1151A4C2190E9E5A004D52EC /* Build configuration list for PBXNativeTarget "AmChartsLibrary" */;
			buildPhases = (
				1151A48D190E9E5A004D52EC /* Sources */,
				1151A48E190E9E5A004D52EC /* Frameworks */,
				1151A48F190E9E5A004D52EC /* Resources */,
			);
			buildRules = (
			);
			dependencies = (
			);
			name = AmChartsLibrary;
			productName = AmChartsLibrary;
			productReference = 1151A491190E9E5A004D52EC /* AmChartsLibrary.app */;
			productType = "com.apple.product-type.application";
		};
		1151A4B1190E9E5A004D52EC /* AmChartsLibraryTests */ = {
			isa = PBXNativeTarget;
			buildConfigurationList = 1151A4C5190E9E5A004D52EC /* Build configuration list for PBXNativeTarget "AmChartsLibraryTests" */;
			buildPhases = (
				1151A4AE190E9E5A004D52EC /* Sources */,
				1151A4AF190E9E5A004D52EC /* Frameworks */,
				1151A4B0190E9E5A004D52EC /* Resources */,
			);
			buildRules = (
			);
			dependencies = (
				1151A4B7190E9E5A004D52EC /* PBXTargetDependency */,
			);
			name = AmChartsLibraryTests;
			productName = AmChartsLibraryTests;
			productReference = 1151A4B2190E9E5A004D52EC /* AmChartsLibraryTests.xctest */;
			productType = "com.apple.product-type.bundle.unit-test";
		};
/* End PBXNativeTarget section */

/* Begin PBXProject section */
		1151A489190E9E5A004D52EC /* Project object */ = {
			isa = PBXProject;
			attributes = {
				LastUpgradeCheck = 0510;
				ORGANIZATIONNAME = "Chimp Studios";
				TargetAttributes = {
					1151A4B1190E9E5A004D52EC = {
						TestTargetID = 1151A490190E9E5A004D52EC;
					};
				};
			};
			buildConfigurationList = 1151A48C190E9E5A004D52EC /* Build configuration list for PBXProject "AmChartsLibrary" */;
			compatibilityVersion = "Xcode 3.2";
			developmentRegion = English;
			hasScannedForEncodings = 0;
			knownRegions = (
				en,
				Base,
			);
			mainGroup = 1151A488190E9E5A004D52EC;
			productRefGroup = 1151A492190E9E5A004D52EC /* Products */;
			projectDirPath = "";
			projectRoot = "";
			targets = (
				1151A490190E9E5A004D52EC /* AmChartsLibrary */,
				1151A4B1190E9E5A004D52EC /* AmChartsLibraryTests */,
			);
		};
/* End PBXProject section */

/* Begin PBXResourcesBuildPhase section */
		1151A48F190E9E5A004D52EC /* Resources */ = {
			isa = PBXResourcesBuildPhase;
			buildActionMask = 2147483647;
			files = (
				1151A49F190E9E5A004D52EC /* InfoPlist.strings in Resources */,
				1151A4AD190E9E5A004D52EC /* Images.xcassets in Resources */,
				1151A4A5190E9E5A004D52EC /* Credits.rtf in Resources */,
				1151A4AB190E9E5A004D52EC /* MainMenu.xib in Resources */,
				118929E119101C1900839813 /* AmChartsWeb in Resources */,
			);
			runOnlyForDeploymentPostprocessing = 0;
		};
		1151A4B0190E9E5A004D52EC /* Resources */ = {
			isa = PBXResourcesBuildPhase;
			buildActionMask = 2147483647;
			files = (
				1151A4BD190E9E5A004D52EC /* InfoPlist.strings in Resources */,
			);
			runOnlyForDeploymentPostprocessing = 0;
		};
/* End PBXResourcesBuildPhase section */

/* Begin PBXSourcesBuildPhase section */
		1151A48D190E9E5A004D52EC /* Sources */ = {
			isa = PBXSourcesBuildPhase;
			buildActionMask = 2147483647;
			files = (
				1151A552190E9E9E004D52EC /* AmChartScrollbarSettings.m in Sources */,
				1151A550190E9E9E004D52EC /* AmChartCursorSettings.m in Sources */,
				1151A568190E9E9E004D52EC /* AmMapObject.m in Sources */,
				1151A57C190E9E9E004D52EC /* AmTitle.m in Sources */,
				1151A566190E9E9E004D52EC /* AmMapImage.m in Sources */,
				1151A572190E9E9E004D52EC /* AmSerialChart.m in Sources */,
				1151A57E190E9E9E004D52EC /* AmValueAxesSettings.m in Sources */,
				1151A561190E9E9E004D52EC /* AmImagesSettings.m in Sources */,
				1151A55D190E9E9E004D52EC /* AmLabel.m in Sources */,
				1151A54F190E9E9E004D52EC /* AmChartCursor.m in Sources */,
				1151A557190E9E9E004D52EC /* AmGaugeArrow.m in Sources */,
				11547467191012790003E1F5 /* AmChartView.m in Sources */,
				1151A56C190E9E9E004D52EC /* AmZoomControl.m in Sources */,
				1151A54D190E9E9E004D52EC /* AmCategoryAxis.m in Sources */,
				1151A55E190E9E9E004D52EC /* AmLegend.m in Sources */,
				1151A55F190E9E9E004D52EC /* AmLegendSettings.m in Sources */,
				1151A578190E9E9E004D52EC /* AmStockEventSettings.m in Sources */,
				1151A55A190E9E9E004D52EC /* AmGraph.m in Sources */,
				1151A551190E9E9E004D52EC /* AmChartScrollbar.m in Sources */,
				1151A562190E9E9E004D52EC /* AmLinesSettings.m in Sources */,
				1151A55C190E9E9E004D52EC /* AmGuide.m in Sources */,
				1151A56E190E9E9E004D52EC /* AmPeriodSelector.m in Sources */,
				1151A57B190E9E9E004D52EC /* AmStockPanel.m in Sources */,
				1151A4A8190E9E5A004D52EC /* AppDelegate.m in Sources */,
				1151A563190E9E9E004D52EC /* AmMap.m in Sources */,
				1151A573190E9E9E004D52EC /* AmSerialDataItem.m in Sources */,
				1151A553190E9E9E004D52EC /* AmCoordinateChart.m in Sources */,
				1151A569190E9E9E004D52EC /* AmObjectList.m in Sources */,
				1151A54A190E9E9E004D52EC /* NSDictionary+JSONString.m in Sources */,
				1151A57D190E9E9E004D52EC /* AmTrendLine.m in Sources */,
				1151A56D190E9E9E004D52EC /* AmPanelSettings.m in Sources */,
				1151A574190E9E9E004D52EC /* AmSlice.m in Sources */,
				1151A554190E9E9E004D52EC /* AmDataSet.m in Sources */,
				1151A547190E9E9E004D52EC /* AmAxisBase.m in Sources */,
				1151A546190E9E9E004D52EC /* AmAngularGauge.m in Sources */,
				1151A580190E9E9E004D52EC /* AmXYChart.m in Sources */,
				1151A57A190E9E9E004D52EC /* AmStockLegend.m in Sources */,
				1151A558190E9E9E004D52EC /* AmGaugeAxis.m in Sources */,
				1151A575190E9E9E004D52EC /* AmSlicedChart.m in Sources */,
				1151A571190E9E9E004D52EC /* AmRectangularChart.m in Sources */,
				1151A54B190E9E9E004D52EC /* NSString+JSONString.m in Sources */,
				1151A549190E9E9E004D52EC /* NSArray+JSONString.m in Sources */,
				1151A4A1190E9E5A004D52EC /* main.m in Sources */,
				1151A559190E9E9E004D52EC /* AmGaugeBand.m in Sources */,
				1151A56B190E9E9E004D52EC /* AmValueLegend.m in Sources */,
				1151A560190E9E9E004D52EC /* AmAreasSettings.m in Sources */,
				1151A579190E9E9E004D52EC /* AmStockGraph.m in Sources */,
				1151A56F190E9E9E004D52EC /* AmPieChart.m in Sources */,
				1151A570190E9E9E004D52EC /* AmRadarChart.m in Sources */,
				1151A556190E9E9E004D52EC /* AmFunnelChart.m in Sources */,
				1151A577190E9E9E004D52EC /* AmStockEvent.m in Sources */,
				1151A56A190E9E9E004D52EC /* AmSmallMap.m in Sources */,
				1151A548190E9E9E004D52EC /* AmBalloon.m in Sources */,
				1151A564190E9E9E004D52EC /* AmMapArea.m in Sources */,
				1151A57F190E9E9E004D52EC /* AmValueAxis.m in Sources */,
				1151A555190E9E9E004D52EC /* AmDataSetSelector.m in Sources */,
				1151A565190E9E9E004D52EC /* AmMapData.m in Sources */,
				1151A55B190E9E9E004D52EC /* AmGraphDataItem.m in Sources */,
				1151A54C190E9E9E004D52EC /* AmCategoryAxesSettings.m in Sources */,
				1151A567190E9E9E004D52EC /* AmMapLine.m in Sources */,
				1151A576190E9E9E004D52EC /* AmStockChart.m in Sources */,
				1151A54E190E9E9E004D52EC /* AmChart.m in Sources */,
			);
			runOnlyForDeploymentPostprocessing = 0;
		};
		1151A4AE190E9E5A004D52EC /* Sources */ = {
			isa = PBXSourcesBuildPhase;
			buildActionMask = 2147483647;
			files = (
				1151A4BF190E9E5A004D52EC /* AmChartsLibraryTests.m in Sources */,
			);
			runOnlyForDeploymentPostprocessing = 0;
		};
/* End PBXSourcesBuildPhase section */

/* Begin PBXTargetDependency section */
		1151A4B7190E9E5A004D52EC /* PBXTargetDependency */ = {
			isa = PBXTargetDependency;
			target = 1151A490190E9E5A004D52EC /* AmChartsLibrary */;
			targetProxy = 1151A4B6190E9E5A004D52EC /* PBXContainerItemProxy */;
		};
/* End PBXTargetDependency section */

/* Begin PBXVariantGroup section */
		1151A49D190E9E5A004D52EC /* InfoPlist.strings */ = {
			isa = PBXVariantGroup;
			children = (
				1151A49E190E9E5A004D52EC /* en */,
			);
			name = InfoPlist.strings;
			sourceTree = "<group>";
		};
		1151A4A3190E9E5A004D52EC /* Credits.rtf */ = {
			isa = PBXVariantGroup;
			children = (
				1151A4A4190E9E5A004D52EC /* en */,
			);
			name = Credits.rtf;
			sourceTree = "<group>";
		};
		1151A4A9190E9E5A004D52EC /* MainMenu.xib */ = {
			isa = PBXVariantGroup;
			children = (
				1151A4AA190E9E5A004D52EC /* Base */,
			);
			name = MainMenu.xib;
			sourceTree = "<group>";
		};
		1151A4BB190E9E5A004D52EC /* InfoPlist.strings */ = {
			isa = PBXVariantGroup;
			children = (
				1151A4BC190E9E5A004D52EC /* en */,
			);
			name = InfoPlist.strings;
			sourceTree = "<group>";
		};
/* End PBXVariantGroup section */

/* Begin XCBuildConfiguration section */
		1151A4C0190E9E5A004D52EC /* Debug */ = {
			isa = XCBuildConfiguration;
			buildSettings = {
				ALWAYS_SEARCH_USER_PATHS = NO;
				CLANG_CXX_LANGUAGE_STANDARD = "gnu++0x";
				CLANG_CXX_LIBRARY = "libc++";
				CLANG_ENABLE_MODULES = YES;
				CLANG_ENABLE_OBJC_ARC = YES;
				CLANG_WARN_BOOL_CONVERSION = YES;
				CLANG_WARN_CONSTANT_CONVERSION = YES;
				CLANG_WARN_DIRECT_OBJC_ISA_USAGE = YES_ERROR;
				CLANG_WARN_EMPTY_BODY = YES;
				CLANG_WARN_ENUM_CONVERSION = YES;
				CLANG_WARN_INT_CONVERSION = YES;
				CLANG_WARN_OBJC_ROOT_CLASS = YES_ERROR;
				CLANG_WARN__DUPLICATE_METHOD_MATCH = YES;
				COPY_PHASE_STRIP = NO;
				GCC_C_LANGUAGE_STANDARD = gnu99;
				GCC_DYNAMIC_NO_PIC = NO;
				GCC_ENABLE_OBJC_EXCEPTIONS = YES;
				GCC_OPTIMIZATION_LEVEL = 0;
				GCC_PREPROCESSOR_DEFINITIONS = (
					"DEBUG=1",
					"$(inherited)",
				);
				GCC_SYMBOLS_PRIVATE_EXTERN = NO;
				GCC_WARN_64_TO_32_BIT_CONVERSION = YES;
				GCC_WARN_ABOUT_RETURN_TYPE = YES_ERROR;
				GCC_WARN_UNDECLARED_SELECTOR = YES;
				GCC_WARN_UNINITIALIZED_AUTOS = YES_AGGRESSIVE;
				GCC_WARN_UNUSED_FUNCTION = YES;
				GCC_WARN_UNUSED_VARIABLE = YES;
				MACOSX_DEPLOYMENT_TARGET = 10.9;
				ONLY_ACTIVE_ARCH = YES;
				SDKROOT = macosx;
			};
			name = Debug;
		};
		1151A4C1190E9E5A004D52EC /* Release */ = {
			isa = XCBuildConfiguration;
			buildSettings = {
				ALWAYS_SEARCH_USER_PATHS = NO;
				CLANG_CXX_LANGUAGE_STANDARD = "gnu++0x";
				CLANG_CXX_LIBRARY = "libc++";
				CLANG_ENABLE_MODULES = YES;
				CLANG_ENABLE_OBJC_ARC = YES;
				CLANG_WARN_BOOL_CONVERSION = YES;
				CLANG_WARN_CONSTANT_CONVERSION = YES;
				CLANG_WARN_DIRECT_OBJC_ISA_USAGE = YES_ERROR;
				CLANG_WARN_EMPTY_BODY = YES;
				CLANG_WARN_ENUM_CONVERSION = YES;
				CLANG_WARN_INT_CONVERSION = YES;
				CLANG_WARN_OBJC_ROOT_CLASS = YES_ERROR;
				CLANG_WARN__DUPLICATE_METHOD_MATCH = YES;
				COPY_PHASE_STRIP = YES;
				DEBUG_INFORMATION_FORMAT = "dwarf-with-dsym";
				ENABLE_NS_ASSERTIONS = NO;
				GCC_C_LANGUAGE_STANDARD = gnu99;
				GCC_ENABLE_OBJC_EXCEPTIONS = YES;
				GCC_WARN_64_TO_32_BIT_CONVERSION = YES;
				GCC_WARN_ABOUT_RETURN_TYPE = YES_ERROR;
				GCC_WARN_UNDECLARED_SELECTOR = YES;
				GCC_WARN_UNINITIALIZED_AUTOS = YES_AGGRESSIVE;
				GCC_WARN_UNUSED_FUNCTION = YES;
				GCC_WARN_UNUSED_VARIABLE = YES;
				MACOSX_DEPLOYMENT_TARGET = 10.9;
				SDKROOT = macosx;
			};
			name = Release;
		};
		1151A4C3190E9E5A004D52EC /* Debug */ = {
			isa = XCBuildConfiguration;
			buildSettings = {
				ASSETCATALOG_COMPILER_APPICON_NAME = AppIcon;
				COMBINE_HIDPI_IMAGES = YES;
				GCC_PRECOMPILE_PREFIX_HEADER = YES;
				GCC_PREFIX_HEADER = "AmChartsLibrary/AmChartsLibrary-Prefix.pch";
				INFOPLIST_FILE = "AmChartsLibrary/AmChartsLibrary-Info.plist";
				PRODUCT_NAME = "$(TARGET_NAME)";
				WRAPPER_EXTENSION = app;
			};
			name = Debug;
		};
		1151A4C4190E9E5A004D52EC /* Release */ = {
			isa = XCBuildConfiguration;
			buildSettings = {
				ASSETCATALOG_COMPILER_APPICON_NAME = AppIcon;
				COMBINE_HIDPI_IMAGES = YES;
				GCC_PRECOMPILE_PREFIX_HEADER = YES;
				GCC_PREFIX_HEADER = "AmChartsLibrary/AmChartsLibrary-Prefix.pch";
				INFOPLIST_FILE = "AmChartsLibrary/AmChartsLibrary-Info.plist";
				PRODUCT_NAME = "$(TARGET_NAME)";
				WRAPPER_EXTENSION = app;
			};
			name = Release;
		};
		1151A4C6190E9E5A004D52EC /* Debug */ = {
			isa = XCBuildConfiguration;
			buildSettings = {
				BUNDLE_LOADER = "$(BUILT_PRODUCTS_DIR)/AmChartsLibrary.app/Contents/MacOS/AmChartsLibrary";
				COMBINE_HIDPI_IMAGES = YES;
				FRAMEWORK_SEARCH_PATHS = (
					"$(DEVELOPER_FRAMEWORKS_DIR)",
					"$(inherited)",
				);
				GCC_PRECOMPILE_PREFIX_HEADER = YES;
				GCC_PREFIX_HEADER = "AmChartsLibrary/AmChartsLibrary-Prefix.pch";
				GCC_PREPROCESSOR_DEFINITIONS = (
					"DEBUG=1",
					"$(inherited)",
				);
				INFOPLIST_FILE = "AmChartsLibraryTests/AmChartsLibraryTests-Info.plist";
				PRODUCT_NAME = "$(TARGET_NAME)";
				TEST_HOST = "$(BUNDLE_LOADER)";
				WRAPPER_EXTENSION = xctest;
			};
			name = Debug;
		};
		1151A4C7190E9E5A004D52EC /* Release */ = {
			isa = XCBuildConfiguration;
			buildSettings = {
				BUNDLE_LOADER = "$(BUILT_PRODUCTS_DIR)/AmChartsLibrary.app/Contents/MacOS/AmChartsLibrary";
				COMBINE_HIDPI_IMAGES = YES;
				FRAMEWORK_SEARCH_PATHS = (
					"$(DEVELOPER_FRAMEWORKS_DIR)",
					"$(inherited)",
				);
				GCC_PRECOMPILE_PREFIX_HEADER = YES;
				GCC_PREFIX_HEADER = "AmChartsLibrary/AmChartsLibrary-Prefix.pch";
				INFOPLIST_FILE = "AmChartsLibraryTests/AmChartsLibraryTests-Info.plist";
				PRODUCT_NAME = "$(TARGET_NAME)";
				TEST_HOST = "$(BUNDLE_LOADER)";
				WRAPPER_EXTENSION = xctest;
			};
			name = Release;
		};
/* End XCBuildConfiguration section */

/* Begin XCConfigurationList section */
		1151A48C190E9E5A004D52EC /* Build configuration list for PBXProject "AmChartsLibrary" */ = {
			isa = XCConfigurationList;
			buildConfigurations = (
				1151A4C0190E9E5A004D52EC /* Debug */,
				1151A4C1190E9E5A004D52EC /* Release */,
			);
			defaultConfigurationIsVisible = 0;
			defaultConfigurationName = Release;
		};
		1151A4C2190E9E5A004D52EC /* Build configuration list for PBXNativeTarget "AmChartsLibrary" */ = {
			isa = XCConfigurationList;
			buildConfigurations = (
				1151A4C3190E9E5A004D52EC /* Debug */,
				1151A4C4190E9E5A004D52EC /* Release */,
			);
			defaultConfigurationIsVisible = 0;
			defaultConfigurationName = Release;
		};
		1151A4C5190E9E5A004D52EC /* Build configuration list for PBXNativeTarget "AmChartsLibraryTests" */ = {
			isa = XCConfigurationList;
			buildConfigurations = (
				1151A4C6190E9E5A004D52EC /* Debug */,
				1151A4C7190E9E5A004D52EC /* Release */,
			);
			defaultConfigurationIsVisible = 0;
			defaultConfigurationName = Release;
		};
/* End XCConfigurationList section */
	};
	rootObject = 1151A489190E9E5A004D52EC /* Project object */;
}
